
Microsoft Visual Studio Solution File, Format Version 12.00
# Visual Studio 14
VisualStudioVersion = 14.0.25420.1
MinimumVisualStudioVersion = 10.0.40219.1
Project("{FAE04EC0-301F-11D3-BF4B-00C04F79EFBC}") = "HBG.Utils", "HBG.Utils\HBG.Utils.csproj", "{4CCB3BBA-F48F-429F-A5EF-F9E900891621}"
EndProject
Project("{FAE04EC0-301F-11D3-BF4B-00C04F79EFBC}") = "HBG.Examples.Socket.Client", "HBG.Examples.Socket.Client\HBG.Examples.Socket.Client.csproj", "{F6BFE4E6-8C26-4C1D-9F82-B827AD68482F}"
EndProject
Project("{FAE04EC0-301F-11D3-BF4B-00C04F79EFBC}") = "HBG.Examples.Socket.Server", "HBG.Examples.Socket.Server\HBG.Examples.Socket.Server.csproj", "{75CA9D17-163B-4156-86F1-7A8D54F5A750}"
EndProject
Project("{2150E333-8FDC-42A3-9474-1A3956D46DE8}") = "HBG.Examples", "HBG.Examples", "{80481504-896C-4919-8126-4B0646C25F4D}"
EndProject
Project("{2150E333-8FDC-42A3-9474-1A3956D46DE8}") = "Socket", "Socket", "{5DE3365E-A0FE-4380-BEA4-007BEA767B7E}"
EndProject
Project("{2150E333-8FDC-42A3-9474-1A3956D46DE8}") = "Tree", "Tree", "{796CAC6E-46EB-4A4C-B9AB-9558CB32591E}"
EndProject
Project("{2150E333-8FDC-42A3-9474-1A3956D46DE8}") = "Tests", "Tests", "{F96991EF-777D-42F5-B114-424DD0BF2746}"
EndProject
Project("{2150E333-8FDC-42A3-9474-1A3956D46DE8}") = "Tools", "Tools", "{91C71F81-5E13-491B-A280-9F7F0BEF9EB8}"
EndProject
Project("{FAE04EC0-301F-11D3-BF4B-00C04F79EFBC}") = "TreeConstruction", "TreeConstruction\TreeConstruction.csproj", "{F5E2FCB3-AD6E-4CAD-9259-DC4241F9A250}"
EndProject
Project("{FAE04EC0-301F-11D3-BF4B-00C04F79EFBC}") = "TreeConstruction.Test", "TreeConstruction.Test\TreeConstruction.Test.csproj", "{19254248-7634-4A01-8059-1896B7673BA6}"
EndProject
Project("{FAE04EC0-301F-11D3-BF4B-00C04F79EFBC}") = "HBG.Utils.OpenXml", "HBG.Utils.OpenXml\HBG.Utils.OpenXml.csproj", "{8B4E40D8-641F-468B-A248-50ADCA321B37}"
EndProject
Project("{2150E333-8FDC-42A3-9474-1A3956D46DE8}") = "Serialization", "Serialization", "{E4A8D041-849E-44D2-97AF-2BC64951923C}"
EndProject
Project("{FAE04EC0-301F-11D3-BF4B-00C04F79EFBC}") = "HBG.NoSQL", "HBG.NoSQL\HBG.NoSQL.csproj", "{E37E816D-355E-4D32-B6D5-3B9ECD0A5437}"
EndProject
Project("{FAE04EC0-301F-11D3-BF4B-00C04F79EFBC}") = "HBG.Cache", "HBG.Cache\HBG.Cache.csproj", "{9B35B47D-0B2D-4EFC-B3BD-CA9CC18094D4}"
EndProject
Project("{FAE04EC0-301F-11D3-BF4B-00C04F79EFBC}") = "HBG.Data", "HBG.Data\HBG.Data.csproj", "{9140BEBA-6323-4F7C-9AB4-B3F51D20BFC1}"
EndProject
Project("{FAE04EC0-301F-11D3-BF4B-00C04F79EFBC}") = "HBG.Data.UnitTest", "HBG.Data.UnitTest\HBG.Data.UnitTest.csproj", "{BADAB4A7-C47B-4F1A-8FEE-D95DC33EA0EF}"
EndProject
Project("{FAE04EC0-301F-11D3-BF4B-00C04F79EFBC}") = "HBG.ORM.UnitTest", "HBG.ORM.UnitTest\HBG.ORM.UnitTest.csproj", "{6A243D03-1893-4B69-9FC6-1029A2A61C30}"
EndProject
Project("{FAE04EC0-301F-11D3-BF4B-00C04F79EFBC}") = "HBG.Utils.UnitTest", "HBG.Utils.UnitTest\HBG.Utils.UnitTest.csproj", "{DA6501CB-3E1B-4850-BA6F-407B25E98A7F}"
EndProject
Project("{FAE04EC0-301F-11D3-BF4B-00C04F79EFBC}") = "HBG.NoSQL.UnitTest", "HBG.NoSQL.UnitTest\HBG.NoSQL.UnitTest.csproj", "{E51A344B-9BD7-49B6-B7F0-A96EA2CC7988}"
EndProject
Project("{FAE04EC0-301F-11D3-BF4B-00C04F79EFBC}") = "HBG.Cache.UnitTest", "HBG.Cache.UnitTest\HBG.Cache.UnitTest.csproj", "{0B09C738-097D-460A-95AD-F7C5B791C32A}"
EndProject
Project("{FAE04EC0-301F-11D3-BF4B-00C04F79EFBC}") = "HBG.ORM", "HBG.ORM\HBG.ORM.csproj", "{E8C622FE-C2BE-4E79-8B04-BA87C0983E3F}"
EndProject
Project("{FAE04EC0-301F-11D3-BF4B-00C04F79EFBC}") = "JSONSerialization", "JSONSerialization\JSONSerialization.csproj", "{8DED361E-E806-4FF4-A95C-608610AF0FFD}"
EndProject
Project("{FAE04EC0-301F-11D3-BF4B-00C04F79EFBC}") = "XmlSerialization", "XmlSerialization\XmlSerialization.csproj", "{27C94192-AA59-4B3B-9ECD-7D6A32201B3C}"
EndProject
Global
	GlobalSection(SolutionConfigurationPlatforms) = preSolution
		Debug|Any CPU = Debug|Any CPU
		Release|Any CPU = Release|Any CPU
	EndGlobalSection
	GlobalSection(ProjectConfigurationPlatforms) = postSolution
		{4CCB3BBA-F48F-429F-A5EF-F9E900891621}.Debug|Any CPU.ActiveCfg = Debug|Any CPU
		{4CCB3BBA-F48F-429F-A5EF-F9E900891621}.Debug|Any CPU.Build.0 = Debug|Any CPU
		{4CCB3BBA-F48F-429F-A5EF-F9E900891621}.Release|Any CPU.ActiveCfg = Release|Any CPU
		{4CCB3BBA-F48F-429F-A5EF-F9E900891621}.Release|Any CPU.Build.0 = Release|Any CPU
		{F6BFE4E6-8C26-4C1D-9F82-B827AD68482F}.Debug|Any CPU.ActiveCfg = Debug|Any CPU
		{F6BFE4E6-8C26-4C1D-9F82-B827AD68482F}.Debug|Any CPU.Build.0 = Debug|Any CPU
		{F6BFE4E6-8C26-4C1D-9F82-B827AD68482F}.Release|Any CPU.ActiveCfg = Release|Any CPU
		{F6BFE4E6-8C26-4C1D-9F82-B827AD68482F}.Release|Any CPU.Build.0 = Release|Any CPU
		{75CA9D17-163B-4156-86F1-7A8D54F5A750}.Debug|Any CPU.ActiveCfg = Debug|Any CPU
		{75CA9D17-163B-4156-86F1-7A8D54F5A750}.Debug|Any CPU.Build.0 = Debug|Any CPU
		{75CA9D17-163B-4156-86F1-7A8D54F5A750}.Release|Any CPU.ActiveCfg = Release|Any CPU
		{75CA9D17-163B-4156-86F1-7A8D54F5A750}.Release|Any CPU.Build.0 = Release|Any CPU
		{F5E2FCB3-AD6E-4CAD-9259-DC4241F9A250}.Debug|Any CPU.ActiveCfg = Debug|Any CPU
		{F5E2FCB3-AD6E-4CAD-9259-DC4241F9A250}.Debug|Any CPU.Build.0 = Debug|Any CPU
		{F5E2FCB3-AD6E-4CAD-9259-DC4241F9A250}.Release|Any CPU.ActiveCfg = Release|Any CPU
		{F5E2FCB3-AD6E-4CAD-9259-DC4241F9A250}.Release|Any CPU.Build.0 = Release|Any CPU
		{19254248-7634-4A01-8059-1896B7673BA6}.Debug|Any CPU.ActiveCfg = Debug|Any CPU
		{19254248-7634-4A01-8059-1896B7673BA6}.Debug|Any CPU.Build.0 = Debug|Any CPU
		{19254248-7634-4A01-8059-1896B7673BA6}.Release|Any CPU.ActiveCfg = Release|Any CPU
		{19254248-7634-4A01-8059-1896B7673BA6}.Release|Any CPU.Build.0 = Release|Any CPU
		{8B4E40D8-641F-468B-A248-50ADCA321B37}.Debug|Any CPU.ActiveCfg = Debug|Any CPU
		{8B4E40D8-641F-468B-A248-50ADCA321B37}.Debug|Any CPU.Build.0 = Debug|Any CPU
		{8B4E40D8-641F-468B-A248-50ADCA321B37}.Release|Any CPU.ActiveCfg = Release|Any CPU
		{8B4E40D8-641F-468B-A248-50ADCA321B37}.Release|Any CPU.Build.0 = Release|Any CPU
		{E37E816D-355E-4D32-B6D5-3B9ECD0A5437}.Debug|Any CPU.ActiveCfg = Debug|Any CPU
		{E37E816D-355E-4D32-B6D5-3B9ECD0A5437}.Debug|Any CPU.Build.0 = Debug|Any CPU
		{E37E816D-355E-4D32-B6D5-3B9ECD0A5437}.Release|Any CPU.ActiveCfg = Release|Any CPU
		{E37E816D-355E-4D32-B6D5-3B9ECD0A5437}.Release|Any CPU.Build.0 = Release|Any CPU
		{9B35B47D-0B2D-4EFC-B3BD-CA9CC18094D4}.Debug|Any CPU.ActiveCfg = Debug|Any CPU
		{9B35B47D-0B2D-4EFC-B3BD-CA9CC18094D4}.Debug|Any CPU.Build.0 = Debug|Any CPU
		{9B35B47D-0B2D-4EFC-B3BD-CA9CC18094D4}.Release|Any CPU.ActiveCfg = Release|Any CPU
		{9B35B47D-0B2D-4EFC-B3BD-CA9CC18094D4}.Release|Any CPU.Build.0 = Release|Any CPU
		{9140BEBA-6323-4F7C-9AB4-B3F51D20BFC1}.Debug|Any CPU.ActiveCfg = Debug|Any CPU
		{9140BEBA-6323-4F7C-9AB4-B3F51D20BFC1}.Debug|Any CPU.Build.0 = Debug|Any CPU
		{9140BEBA-6323-4F7C-9AB4-B3F51D20BFC1}.Release|Any CPU.ActiveCfg = Release|Any CPU
		{9140BEBA-6323-4F7C-9AB4-B3F51D20BFC1}.Release|Any CPU.Build.0 = Release|Any CPU
		{BADAB4A7-C47B-4F1A-8FEE-D95DC33EA0EF}.Debug|Any CPU.ActiveCfg = Debug|Any CPU
		{BADAB4A7-C47B-4F1A-8FEE-D95DC33EA0EF}.Debug|Any CPU.Build.0 = Debug|Any CPU
		{BADAB4A7-C47B-4F1A-8FEE-D95DC33EA0EF}.Release|Any CPU.ActiveCfg = Release|Any CPU
		{BADAB4A7-C47B-4F1A-8FEE-D95DC33EA0EF}.Release|Any CPU.Build.0 = Release|Any CPU
		{6A243D03-1893-4B69-9FC6-1029A2A61C30}.Debug|Any CPU.ActiveCfg = Debug|Any CPU
		{6A243D03-1893-4B69-9FC6-1029A2A61C30}.Debug|Any CPU.Build.0 = Debug|Any CPU
		{6A243D03-1893-4B69-9FC6-1029A2A61C30}.Release|Any CPU.ActiveCfg = Release|Any CPU
		{6A243D03-1893-4B69-9FC6-1029A2A61C30}.Release|Any CPU.Build.0 = Release|Any CPU
		{DA6501CB-3E1B-4850-BA6F-407B25E98A7F}.Debug|Any CPU.ActiveCfg = Debug|Any CPU
		{DA6501CB-3E1B-4850-BA6F-407B25E98A7F}.Debug|Any CPU.Build.0 = Debug|Any CPU
		{DA6501CB-3E1B-4850-BA6F-407B25E98A7F}.Release|Any CPU.ActiveCfg = Release|Any CPU
		{DA6501CB-3E1B-4850-BA6F-407B25E98A7F}.Release|Any CPU.Build.0 = Release|Any CPU
		{E51A344B-9BD7-49B6-B7F0-A96EA2CC7988}.Debug|Any CPU.ActiveCfg = Debug|Any CPU
		{E51A344B-9BD7-49B6-B7F0-A96EA2CC7988}.Debug|Any CPU.Build.0 = Debug|Any CPU
		{E51A344B-9BD7-49B6-B7F0-A96EA2CC7988}.Release|Any CPU.ActiveCfg = Release|Any CPU
		{E51A344B-9BD7-49B6-B7F0-A96EA2CC7988}.Release|Any CPU.Build.0 = Release|Any CPU
		{0B09C738-097D-460A-95AD-F7C5B791C32A}.Debug|Any CPU.ActiveCfg = Debug|Any CPU
		{0B09C738-097D-460A-95AD-F7C5B791C32A}.Debug|Any CPU.Build.0 = Debug|Any CPU
		{0B09C738-097D-460A-95AD-F7C5B791C32A}.Release|Any CPU.ActiveCfg = Release|Any CPU
		{0B09C738-097D-460A-95AD-F7C5B791C32A}.Release|Any CPU.Build.0 = Release|Any CPU
		{E8C622FE-C2BE-4E79-8B04-BA87C0983E3F}.Debug|Any CPU.ActiveCfg = Debug|Any CPU
		{E8C622FE-C2BE-4E79-8B04-BA87C0983E3F}.Debug|Any CPU.Build.0 = Debug|Any CPU
		{E8C622FE-C2BE-4E79-8B04-BA87C0983E3F}.Release|Any CPU.ActiveCfg = Release|Any CPU
		{E8C622FE-C2BE-4E79-8B04-BA87C0983E3F}.Release|Any CPU.Build.0 = Release|Any CPU
		{8DED361E-E806-4FF4-A95C-608610AF0FFD}.Debug|Any CPU.ActiveCfg = Debug|Any CPU
		{8DED361E-E806-4FF4-A95C-608610AF0FFD}.Debug|Any CPU.Build.0 = Debug|Any CPU
		{8DED361E-E806-4FF4-A95C-608610AF0FFD}.Release|Any CPU.ActiveCfg = Release|Any CPU
		{8DED361E-E806-4FF4-A95C-608610AF0FFD}.Release|Any CPU.Build.0 = Release|Any CPU
		{27C94192-AA59-4B3B-9ECD-7D6A32201B3C}.Debug|Any CPU.ActiveCfg = Debug|Any CPU
		{27C94192-AA59-4B3B-9ECD-7D6A32201B3C}.Debug|Any CPU.Build.0 = Debug|Any CPU
		{27C94192-AA59-4B3B-9ECD-7D6A32201B3C}.Release|Any CPU.ActiveCfg = Release|Any CPU
		{27C94192-AA59-4B3B-9ECD-7D6A32201B3C}.Release|Any CPU.Build.0 = Release|Any CPU
	EndGlobalSection
	GlobalSection(SolutionProperties) = preSolution
		HideSolutionNode = FALSE
	EndGlobalSection
	GlobalSection(NestedProjects) = preSolution
		{4CCB3BBA-F48F-429F-A5EF-F9E900891621} = {91C71F81-5E13-491B-A280-9F7F0BEF9EB8}
		{F6BFE4E6-8C26-4C1D-9F82-B827AD68482F} = {5DE3365E-A0FE-4380-BEA4-007BEA767B7E}
		{75CA9D17-163B-4156-86F1-7A8D54F5A750} = {5DE3365E-A0FE-4380-BEA4-007BEA767B7E}
		{5DE3365E-A0FE-4380-BEA4-007BEA767B7E} = {80481504-896C-4919-8126-4B0646C25F4D}
		{796CAC6E-46EB-4A4C-B9AB-9558CB32591E} = {80481504-896C-4919-8126-4B0646C25F4D}
		{F5E2FCB3-AD6E-4CAD-9259-DC4241F9A250} = {796CAC6E-46EB-4A4C-B9AB-9558CB32591E}
		{19254248-7634-4A01-8059-1896B7673BA6} = {796CAC6E-46EB-4A4C-B9AB-9558CB32591E}
		{8B4E40D8-641F-468B-A248-50ADCA321B37} = {91C71F81-5E13-491B-A280-9F7F0BEF9EB8}
		{E4A8D041-849E-44D2-97AF-2BC64951923C} = {80481504-896C-4919-8126-4B0646C25F4D}
		{E37E816D-355E-4D32-B6D5-3B9ECD0A5437} = {91C71F81-5E13-491B-A280-9F7F0BEF9EB8}
		{9B35B47D-0B2D-4EFC-B3BD-CA9CC18094D4} = {91C71F81-5E13-491B-A280-9F7F0BEF9EB8}
		{9140BEBA-6323-4F7C-9AB4-B3F51D20BFC1} = {91C71F81-5E13-491B-A280-9F7F0BEF9EB8}
		{BADAB4A7-C47B-4F1A-8FEE-D95DC33EA0EF} = {F96991EF-777D-42F5-B114-424DD0BF2746}
		{6A243D03-1893-4B69-9FC6-1029A2A61C30} = {F96991EF-777D-42F5-B114-424DD0BF2746}
		{DA6501CB-3E1B-4850-BA6F-407B25E98A7F} = {F96991EF-777D-42F5-B114-424DD0BF2746}
		{E51A344B-9BD7-49B6-B7F0-A96EA2CC7988} = {F96991EF-777D-42F5-B114-424DD0BF2746}
		{0B09C738-097D-460A-95AD-F7C5B791C32A} = {F96991EF-777D-42F5-B114-424DD0BF2746}
		{E8C622FE-C2BE-4E79-8B04-BA87C0983E3F} = {91C71F81-5E13-491B-A280-9F7F0BEF9EB8}
		{8DED361E-E806-4FF4-A95C-608610AF0FFD} = {E4A8D041-849E-44D2-97AF-2BC64951923C}
		{27C94192-AA59-4B3B-9ECD-7D6A32201B3C} = {E4A8D041-849E-44D2-97AF-2BC64951923C}
	EndGlobalSection
EndGlobal
